
Microsoft Visual Studio Solution File, Format Version 12.00
# Visual Studio Version 17
VisualStudioVersion = 17.2.32630.192
MinimumVisualStudioVersion = 10.0.40219.1
Project("{FAE04EC0-301F-11D3-BF4B-00C04F79EFBC}") = "DecoratorDemo", "DecoratorDemo\DecoratorDemo.csproj", "{C034F363-752F-4F91-B687-7FCBB27BFDE6}"
EndProject
Global
	GlobalSection(SolutionConfigurationPlatforms) = preSolution
		Debug|Any CPU = Debug|Any CPU
		Release|Any CPU = Release|Any CPU
	EndGlobalSection
	GlobalSection(ProjectConfigurationPlatforms) = postSolution
		{C034F363-752F-4F91-B687-7FCBB27BFDE6}.Debug|Any CPU.ActiveCfg = Debug|Any CPU
		{C034F363-752F-4F91-B687-7FCBB27BFDE6}.Debug|Any CPU.Build.0 = Debug|Any CPU
		{C034F363-752F-4F91-B687-7FCBB27BFDE6}.Release|Any CPU.ActiveCfg = Release|Any CPU
		{C034F363-752F-4F91-B687-7FCBB27BFDE6}.Release|Any CPU.Build.0 = Release|Any CPU
	EndGlobalSection
	GlobalSection(SolutionProperties) = preSolution
		HideSolutionNode = FALSE
	EndGlobalSection
	GlobalSection(ExtensibilityGlobals) = postSolution
		SolutionGuid = {F7DDA022-1F46-49AE-82E3-BF0237389A3F}
	EndGlobalSection
EndGlobal
